// !$*UTF8*$!
{
	archiveVersion = 1;
	classes = {
	};
	objectVersion = 55;
	objects = {

/* Begin PBXBuildFile section */
		3415C5E229CCDA3B0054BF67 /* AppDelegate.swift in Sources */ = {isa = PBXBuildFile; fileRef = 3415C5E129CCDA3B0054BF67 /* AppDelegate.swift */; };
		3415C5E429CCDA3B0054BF67 /* SceneDelegate.swift in Sources */ = {isa = PBXBuildFile; fileRef = 3415C5E329CCDA3B0054BF67 /* SceneDelegate.swift */; };
		3415C5E629CCDA3B0054BF67 /* ViewController.swift in Sources */ = {isa = PBXBuildFile; fileRef = 3415C5E529CCDA3B0054BF67 /* ViewController.swift */; };
		3415C5E929CCDA3B0054BF67 /* Main.storyboard in Resources */ = {isa = PBXBuildFile; fileRef = 3415C5E729CCDA3B0054BF67 /* Main.storyboard */; };
		3415C5EB29CCDA3C0054BF67 /* Assets.xcassets in Resources */ = {isa = PBXBuildFile; fileRef = 3415C5EA29CCDA3C0054BF67 /* Assets.xcassets */; };
		3415C5EE29CCDA3C0054BF67 /* LaunchScreen.storyboard in Resources */ = {isa = PBXBuildFile; fileRef = 3415C5EC29CCDA3C0054BF67 /* LaunchScreen.storyboard */; };
		3415C5F929CCDA3D0054BF67 /* CoordinatesdemoTests.swift in Sources */ = {isa = PBXBuildFile; fileRef = 3415C5F829CCDA3D0054BF67 /* CoordinatesdemoTests.swift */; };
		3415C60329CCDA3D0054BF67 /* CoordinatesdemoUITests.swift in Sources */ = {isa = PBXBuildFile; fileRef = 3415C60229CCDA3D0054BF67 /* CoordinatesdemoUITests.swift */; };
		3415C60529CCDA3D0054BF67 /* CoordinatesdemoUITestsLaunchTests.swift in Sources */ = {isa = PBXBuildFile; fileRef = 3415C60429CCDA3D0054BF67 /* CoordinatesdemoUITestsLaunchTests.swift */; };
/* End PBXBuildFile section */

/* Begin PBXContainerItemProxy section */
		3415C5F529CCDA3D0054BF67 /* PBXContainerItemProxy */ = {
			isa = PBXContainerItemProxy;
			containerPortal = 3415C5D629CCDA3B0054BF67 /* Project object */;
			proxyType = 1;
			remoteGlobalIDString = 3415C5DD29CCDA3B0054BF67;
			remoteInfo = Coordinatesdemo;
		};
		3415C5FF29CCDA3D0054BF67 /* PBXContainerItemProxy */ = {
			isa = PBXContainerItemProxy;
			containerPortal = 3415C5D629CCDA3B0054BF67 /* Project object */;
			proxyType = 1;
			remoteGlobalIDString = 3415C5DD29CCDA3B0054BF67;
			remoteInfo = Coordinatesdemo;
		};
/* End PBXContainerItemProxy section */

/* Begin PBXFileReference section */
		3415C5DE29CCDA3B0054BF67 /* Coordinatesdemo.app */ = {isa = PBXFileReference; explicitFileType = wrapper.application; includeInIndex = 0; path = Coordinatesdemo.app; sourceTree = BUILT_PRODUCTS_DIR; };
		3415C5E129CCDA3B0054BF67 /* AppDelegate.swift */ = {isa = PBXFileReference; lastKnownFileType = sourcecode.swift; path = AppDelegate.swift; sourceTree = "<group>"; };
		3415C5E329CCDA3B0054BF67 /* SceneDelegate.swift */ = {isa = PBXFileReference; lastKnownFileType = sourcecode.swift; path = SceneDelegate.swift; sourceTree = "<group>"; };
		3415C5E529CCDA3B0054BF67 /* ViewController.swift */ = {isa = PBXFileReference; lastKnownFileType = sourcecode.swift; path = ViewController.swift; sourceTree = "<group>"; };
		3415C5E829CCDA3B0054BF67 /* Base */ = {isa = PBXFileReference; lastKnownFileType = file.storyboard; name = Base; path = Base.lproj/Main.storyboard; sourceTree = "<group>"; };
		3415C5EA29CCDA3C0054BF67 /* Assets.xcassets */ = {isa = PBXFileReference; lastKnownFileType = folder.assetcatalog; path = Assets.xcassets; sourceTree = "<group>"; };
		3415C5ED29CCDA3C0054BF67 /* Base */ = {isa = PBXFileReference; lastKnownFileType = file.storyboard; name = Base; path = Base.lproj/LaunchScreen.storyboard; sourceTree = "<group>"; };
		3415C5EF29CCDA3C0054BF67 /* Info.plist */ = {isa = PBXFileReference; lastKnownFileType = text.plist.xml; path = Info.plist; sourceTree = "<group>"; };
		3415C5F429CCDA3D0054BF67 /* CoordinatesdemoTests.xctest */ = {isa = PBXFileReference; explicitFileType = wrapper.cfbundle; includeInIndex = 0; path = CoordinatesdemoTests.xctest; sourceTree = BUILT_PRODUCTS_DIR; };
		3415C5F829CCDA3D0054BF67 /* CoordinatesdemoTests.swift */ = {isa = PBXFileReference; lastKnownFileType = sourcecode.swift; path = CoordinatesdemoTests.swift; sourceTree = "<group>"; };
		3415C5FE29CCDA3D0054BF67 /* CoordinatesdemoUITests.xctest */ = {isa = PBXFileReference; explicitFileType = wrapper.cfbundle; includeInIndex = 0; path = CoordinatesdemoUITests.xctest; sourceTree = BUILT_PRODUCTS_DIR; };
		3415C60229CCDA3D0054BF67 /* CoordinatesdemoUITests.swift */ = {isa = PBXFileReference; lastKnownFileType = sourcecode.swift; path = CoordinatesdemoUITests.swift; sourceTree = "<group>"; };
		3415C60429CCDA3D0054BF67 /* CoordinatesdemoUITestsLaunchTests.swift */ = {isa = PBXFileReference; lastKnownFileType = sourcecode.swift; path = CoordinatesdemoUITestsLaunchTests.swift; sourceTree = "<group>"; };
/* End PBXFileReference section */

/* Begin PBXFrameworksBuildPhase section */
		3415C5DB29CCDA3B0054BF67 /* Frameworks */ = {
			isa = PBXFrameworksBuildPhase;
			buildActionMask = 2147483647;
			files = (
			);
			runOnlyForDeploymentPostprocessing = 0;
		};
		3415C5F129CCDA3D0054BF67 /* Frameworks */ = {
			isa = PBXFrameworksBuildPhase;
			buildActionMask = 2147483647;
			files = (
			);
			runOnlyForDeploymentPostprocessing = 0;
		};
		3415C5FB29CCDA3D0054BF67 /* Frameworks */ = {
			isa = PBXFrameworksBuildPhase;
			buildActionMask = 2147483647;
			files = (
			);
			runOnlyForDeploymentPostprocessing = 0;
		};
/* End PBXFrameworksBuildPhase section */

/* Begin PBXGroup section */
		3415C5D529CCDA3B0054BF67 = {
			isa = PBXGroup;
			children = (
				3415C5E029CCDA3B0054BF67 /* Coordinatesdemo */,
				3415C5F729CCDA3D0054BF67 /* CoordinatesdemoTests */,
				3415C60129CCDA3D0054BF67 /* CoordinatesdemoUITests */,
				3415C5DF29CCDA3B0054BF67 /* Products */,
			);
			sourceTree = "<group>";
		};
		3415C5DF29CCDA3B0054BF67 /* Products */ = {
			isa = PBXGroup;
			children = (
				3415C5DE29CCDA3B0054BF67 /* Coordinatesdemo.app */,
				3415C5F429CCDA3D0054BF67 /* CoordinatesdemoTests.xctest */,
				3415C5FE29CCDA3D0054BF67 /* CoordinatesdemoUITests.xctest */,
			);
			name = Products;
			sourceTree = "<group>";
		};
		3415C5E029CCDA3B0054BF67 /* Coordinatesdemo */ = {
			isa = PBXGroup;
			children = (
				3415C5E129CCDA3B0054BF67 /* AppDelegate.swift */,
				3415C5E329CCDA3B0054BF67 /* SceneDelegate.swift */,
				3415C5E529CCDA3B0054BF67 /* ViewController.swift */,
				3415C5E729CCDA3B0054BF67 /* Main.storyboard */,
				3415C5EA29CCDA3C0054BF67 /* Assets.xcassets */,
				3415C5EC29CCDA3C0054BF67 /* LaunchScreen.storyboard */,
				3415C5EF29CCDA3C0054BF67 /* Info.plist */,
			);
			path = Coordinatesdemo;
			sourceTree = "<group>";
		};
		3415C5F729CCDA3D0054BF67 /* CoordinatesdemoTests */ = {
			isa = PBXGroup;
			children = (
				3415C5F829CCDA3D0054BF67 /* CoordinatesdemoTests.swift */,
			);
			path = CoordinatesdemoTests;
			sourceTree = "<group>";
		};
		3415C60129CCDA3D0054BF67 /* CoordinatesdemoUITests */ = {
			isa = PBXGroup;
			children = (
				3415C60229CCDA3D0054BF67 /* CoordinatesdemoUITests.swift */,
				3415C60429CCDA3D0054BF67 /* CoordinatesdemoUITestsLaunchTests.swift */,
			);
			path = CoordinatesdemoUITests;
			sourceTree = "<group>";
		};
/* End PBXGroup section */

/* Begin PBXNativeTarget section */
		3415C5DD29CCDA3B0054BF67 /* Coordinatesdemo */ = {
			isa = PBXNativeTarget;
			buildConfigurationList = 3415C60829CCDA3D0054BF67 /* Build configuration list for PBXNativeTarget "Coordinatesdemo" */;
			buildPhases = (
				3415C5DA29CCDA3B0054BF67 /* Sources */,
				3415C5DB29CCDA3B0054BF67 /* Frameworks */,
				3415C5DC29CCDA3B0054BF67 /* Resources */,
			);
			buildRules = (
			);
			dependencies = (
			);
			name = Coordinatesdemo;
			productName = Coordinatesdemo;
			productReference = 3415C5DE29CCDA3B0054BF67 /* Coordinatesdemo.app */;
			productType = "com.apple.product-type.application";
		};
		3415C5F329CCDA3D0054BF67 /* CoordinatesdemoTests */ = {
			isa = PBXNativeTarget;
			buildConfigurationList = 3415C60B29CCDA3D0054BF67 /* Build configuration list for PBXNativeTarget "CoordinatesdemoTests" */;
			buildPhases = (
				3415C5F029CCDA3D0054BF67 /* Sources */,
				3415C5F129CCDA3D0054BF67 /* Frameworks */,
				3415C5F229CCDA3D0054BF67 /* Resources */,
			);
			buildRules = (
			);
			dependencies = (
				3415C5F629CCDA3D0054BF67 /* PBXTargetDependency */,
			);
			name = CoordinatesdemoTests;
			productName = CoordinatesdemoTests;
			productReference = 3415C5F429CCDA3D0054BF67 /* CoordinatesdemoTests.xctest */;
			productType = "com.apple.product-type.bundle.unit-test";
		};
		3415C5FD29CCDA3D0054BF67 /* CoordinatesdemoUITests */ = {
			isa = PBXNativeTarget;
			buildConfigurationList = 3415C60E29CCDA3D0054BF67 /* Build configuration list for PBXNativeTarget "CoordinatesdemoUITests" */;
			buildPhases = (
				3415C5FA29CCDA3D0054BF67 /* Sources */,
				3415C5FB29CCDA3D0054BF67 /* Frameworks */,
				3415C5FC29CCDA3D0054BF67 /* Resources */,
			);
			buildRules = (
			);
			dependencies = (
				3415C60029CCDA3D0054BF67 /* PBXTargetDependency */,
			);
			name = CoordinatesdemoUITests;
			productName = CoordinatesdemoUITests;
			productReference = 3415C5FE29CCDA3D0054BF67 /* CoordinatesdemoUITests.xctest */;
			productType = "com.apple.product-type.bundle.ui-testing";
		};
/* End PBXNativeTarget section */

/* Begin PBXProject section */
		3415C5D629CCDA3B0054BF67 /* Project object */ = {
			isa = PBXProject;
			attributes = {
				BuildIndependentTargetsInParallel = 1;
				LastSwiftUpdateCheck = 1340;
				LastUpgradeCheck = 1340;
				TargetAttributes = {
					3415C5DD29CCDA3B0054BF67 = {
						CreatedOnToolsVersion = 13.4.1;
					};
					3415C5F329CCDA3D0054BF67 = {
						CreatedOnToolsVersion = 13.4.1;
						TestTargetID = 3415C5DD29CCDA3B0054BF67;
					};
					3415C5FD29CCDA3D0054BF67 = {
						CreatedOnToolsVersion = 13.4.1;
						TestTargetID = 3415C5DD29CCDA3B0054BF67;
					};
				};
			};
			buildConfigurationList = 3415C5D929CCDA3B0054BF67 /* Build configuration list for PBXProject "Coordinatesdemo" */;
			compatibilityVersion = "Xcode 13.0";
			developmentRegion = en;
			hasScannedForEncodings = 0;
			knownRegions = (
				en,
				Base,
			);
			mainGroup = 3415C5D529CCDA3B0054BF67;
			productRefGroup = 3415C5DF29CCDA3B0054BF67 /* Products */;
			projectDirPath = "";
			projectRoot = "";
			targets = (
				3415C5DD29CCDA3B0054BF67 /* Coordinatesdemo */,
				3415C5F329CCDA3D0054BF67 /* CoordinatesdemoTests */,
				3415C5FD29CCDA3D0054BF67 /* CoordinatesdemoUITests */,
			);
		};
/* End PBXProject section */

/* Begin PBXResourcesBuildPhase section */
		3415C5DC29CCDA3B0054BF67 /* Resources */ = {
			isa = PBXResourcesBuildPhase;
			buildActionMask = 2147483647;
			files = (
				3415C5EE29CCDA3C0054BF67 /* LaunchScreen.storyboard in Resources */,
				3415C5EB29CCDA3C0054BF67 /* Assets.xcassets in Resources */,
				3415C5E929CCDA3B0054BF67 /* Main.storyboard in Resources */,
			);
			runOnlyForDeploymentPostprocessing = 0;
		};
		3415C5F229CCDA3D0054BF67 /* Resources */ = {
			isa = PBXResourcesBuildPhase;
			buildActionMask = 2147483647;
			files = (
			);
			runOnlyForDeploymentPostprocessing = 0;
		};
		3415C5FC29CCDA3D0054BF67 /* Resources */ = {
			isa = PBXResourcesBuildPhase;
			buildActionMask = 2147483647;
			files = (
			);
			runOnlyForDeploymentPostprocessing = 0;
		};
/* End PBXResourcesBuildPhase section */

/* Begin PBXSourcesBuildPhase section */
		3415C5DA29CCDA3B0054BF67 /* Sources */ = {
			isa = PBXSourcesBuildPhase;
			buildActionMask = 2147483647;
			files = (
				3415C5E629CCDA3B0054BF67 /* ViewController.swift in Sources */,
				3415C5E229CCDA3B0054BF67 /* AppDelegate.swift in Sources */,
				3415C5E429CCDA3B0054BF67 /* SceneDelegate.swift in Sources */,
			);
			runOnlyForDeploymentPostprocessing = 0;
		};
		3415C5F029CCDA3D0054BF67 /* Sources */ = {
			isa = PBXSourcesBuildPhase;
			buildActionMask = 2147483647;
			files = (
				3415C5F929CCDA3D0054BF67 /* CoordinatesdemoTests.swift in Sources */,
			);
			runOnlyForDeploymentPostprocessing = 0;
		};
		3415C5FA29CCDA3D0054BF67 /* Sources */ = {
			isa = PBXSourcesBuildPhase;
			buildActionMask = 2147483647;
			files = (
				3415C60329CCDA3D0054BF67 /* CoordinatesdemoUITests.swift in Sources */,
				3415C60529CCDA3D0054BF67 /* CoordinatesdemoUITestsLaunchTests.swift in Sources */,
			);
			runOnlyForDeploymentPostprocessing = 0;
		};
/* End PBXSourcesBuildPhase section */

/* Begin PBXTargetDependency section */
		3415C5F629CCDA3D0054BF67 /* PBXTargetDependency */ = {
			isa = PBXTargetDependency;
			target = 3415C5DD29CCDA3B0054BF67 /* Coordinatesdemo */;
			targetProxy = 3415C5F529CCDA3D0054BF67 /* PBXContainerItemProxy */;
		};
		3415C60029CCDA3D0054BF67 /* PBXTargetDependency */ = {
			isa = PBXTargetDependency;
			target = 3415C5DD29CCDA3B0054BF67 /* Coordinatesdemo */;
			targetProxy = 3415C5FF29CCDA3D0054BF67 /* PBXContainerItemProxy */;
		};
/* End PBXTargetDependency section */

/* Begin PBXVariantGroup section */
		3415C5E729CCDA3B0054BF67 /* Main.storyboard */ = {
			isa = PBXVariantGroup;
			children = (
				3415C5E829CCDA3B0054BF67 /* Base */,
			);
			name = Main.storyboard;
			sourceTree = "<group>";
		};
		3415C5EC29CCDA3C0054BF67 /* LaunchScreen.storyboard */ = {
			isa = PBXVariantGroup;
			children = (
				3415C5ED29CCDA3C0054BF67 /* Base */,
			);
			name = LaunchScreen.storyboard;
			sourceTree = "<group>";
		};
/* End PBXVariantGroup section */

/* Begin XCBuildConfiguration section */
		3415C60629CCDA3D0054BF67 /* Debug */ = {
			isa = XCBuildConfiguration;
			buildSettings = {
				ALWAYS_SEARCH_USER_PATHS = NO;
				CLANG_ANALYZER_NONNULL = YES;
				CLANG_ANALYZER_NUMBER_OBJECT_CONVERSION = YES_AGGRESSIVE;
				CLANG_CXX_LANGUAGE_STANDARD = "gnu++17";
				CLANG_ENABLE_MODULES = YES;
				CLANG_ENABLE_OBJC_ARC = YES;
				CLANG_ENABLE_OBJC_WEAK = YES;
				CLANG_WARN_BLOCK_CAPTURE_AUTORELEASING = YES;
				CLANG_WARN_BOOL_CONVERSION = YES;
				CLANG_WARN_COMMA = YES;
				CLANG_WARN_CONSTANT_CONVERSION = YES;
				CLANG_WARN_DEPRECATED_OBJC_IMPLEMENTATIONS = YES;
				CLANG_WARN_DIRECT_OBJC_ISA_USAGE = YES_ERROR;
				CLANG_WARN_DOCUMENTATION_COMMENTS = YES;
				CLANG_WARN_EMPTY_BODY = YES;
				CLANG_WARN_ENUM_CONVERSION = YES;
				CLANG_WARN_INFINITE_RECURSION = YES;
				CLANG_WARN_INT_CONVERSION = YES;
				CLANG_WARN_NON_LITERAL_NULL_CONVERSION = YES;
				CLANG_WARN_OBJC_IMPLICIT_RETAIN_SELF = YES;
				CLANG_WARN_OBJC_LITERAL_CONVERSION = YES;
				CLANG_WARN_OBJC_ROOT_CLASS = YES_ERROR;
				CLANG_WARN_QUOTED_INCLUDE_IN_FRAMEWORK_HEADER = YES;
				CLANG_WARN_RANGE_LOOP_ANALYSIS = YES;
				CLANG_WARN_STRICT_PROTOTYPES = YES;
				CLANG_WARN_SUSPICIOUS_MOVE = YES;
				CLANG_WARN_UNGUARDED_AVAILABILITY = YES_AGGRESSIVE;
				CLANG_WARN_UNREACHABLE_CODE = YES;
				CLANG_WARN__DUPLICATE_METHOD_MATCH = YES;
				COPY_PHASE_STRIP = NO;
				DEBUG_INFORMATION_FORMAT = dwarf;
				ENABLE_STRICT_OBJC_MSGSEND = YES;
				ENABLE_TESTABILITY = YES;
				GCC_C_LANGUAGE_STANDARD = gnu11;
				GCC_DYNAMIC_NO_PIC = NO;
				GCC_NO_COMMON_BLOCKS = YES;
				GCC_OPTIMIZATION_LEVEL = 0;
				GCC_PREPROCESSOR_DEFINITIONS = (
					"DEBUG=1",
					"$(inherited)",
				);
				GCC_WARN_64_TO_32_BIT_CONVERSION = YES;
				GCC_WARN_ABOUT_RETURN_TYPE = YES_ERROR;
				GCC_WARN_UNDECLARED_SELECTOR = YES;
				GCC_WARN_UNINITIALIZED_AUTOS = YES_AGGRESSIVE;
				GCC_WARN_UNUSED_FUNCTION = YES;
				GCC_WARN_UNUSED_VARIABLE = YES;
				IPHONEOS_DEPLOYMENT_TARGET = 15.5;
				MTL_ENABLE_DEBUG_INFO = INCLUDE_SOURCE;
				MTL_FAST_MATH = YES;
				ONLY_ACTIVE_ARCH = YES;
				SDKROOT = iphoneos;
				SWIFT_ACTIVE_COMPILATION_CONDITIONS = DEBUG;
				SWIFT_OPTIMIZATION_LEVEL = "-Onone";
			};
			name = Debug;
		};
		3415C60729CCDA3D0054BF67 /* Release */ = {
			isa = XCBuildConfiguration;
			buildSettings = {
				ALWAYS_SEARCH_USER_PATHS = NO;
				CLANG_ANALYZER_NONNULL = YES;
				CLANG_ANALYZER_NUMBER_OBJECT_CONVERSION = YES_AGGRESSIVE;
				CLANG_CXX_LANGUAGE_STANDARD = "gnu++17";
				CLANG_ENABLE_MODULES = YES;
				CLANG_ENABLE_OBJC_ARC = YES;
				CLANG_ENABLE_OBJC_WEAK = YES;
				CLANG_WARN_BLOCK_CAPTURE_AUTORELEASING = YES;
				CLANG_WARN_BOOL_CONVERSION = YES;
				CLANG_WARN_COMMA = YES;
				CLANG_WARN_CONSTANT_CONVERSION = YES;
				CLANG_WARN_DEPRECATED_OBJC_IMPLEMENTATIONS = YES;
				CLANG_WARN_DIRECT_OBJC_ISA_USAGE = YES_ERROR;
				CLANG_WARN_DOCUMENTATION_COMMENTS = YES;
				CLANG_WARN_EMPTY_BODY = YES;
				CLANG_WARN_ENUM_CONVERSION = YES;
				CLANG_WARN_INFINITE_RECURSION = YES;
				CLANG_WARN_INT_CONVERSION = YES;
				CLANG_WARN_NON_LITERAL_NULL_CONVERSION = YES;
				CLANG_WARN_OBJC_IMPLICIT_RETAIN_SELF = YES;
				CLANG_WARN_OBJC_LITERAL_CONVERSION = YES;
				CLANG_WARN_OBJC_ROOT_CLASS = YES_ERROR;
				CLANG_WARN_QUOTED_INCLUDE_IN_FRAMEWORK_HEADER = YES;
				CLANG_WARN_RANGE_LOOP_ANALYSIS = YES;
				CLANG_WARN_STRICT_PROTOTYPES = YES;
				CLANG_WARN_SUSPICIOUS_MOVE = YES;
				CLANG_WARN_UNGUARDED_AVAILABILITY = YES_AGGRESSIVE;
				CLANG_WARN_UNREACHABLE_CODE = YES;
				CLANG_WARN__DUPLICATE_METHOD_MATCH = YES;
				COPY_PHASE_STRIP = NO;
				DEBUG_INFORMATION_FORMAT = "dwarf-with-dsym";
				ENABLE_NS_ASSERTIONS = NO;
				ENABLE_STRICT_OBJC_MSGSEND = YES;
				GCC_C_LANGUAGE_STANDARD = gnu11;
				GCC_NO_COMMON_BLOCKS = YES;
				GCC_WARN_64_TO_32_BIT_CONVERSION = YES;
				GCC_WARN_ABOUT_RETURN_TYPE = YES_ERROR;
				GCC_WARN_UNDECLARED_SELECTOR = YES;
				GCC_WARN_UNINITIALIZED_AUTOS = YES_AGGRESSIVE;
				GCC_WARN_UNUSED_FUNCTION = YES;
				GCC_WARN_UNUSED_VARIABLE = YES;
				IPHONEOS_DEPLOYMENT_TARGET = 15.5;
				MTL_ENABLE_DEBUG_INFO = NO;
				MTL_FAST_MATH = YES;
				SDKROOT = iphoneos;
				SWIFT_COMPILATION_MODE = wholemodule;
				SWIFT_OPTIMIZATION_LEVEL = "-O";
				VALIDATE_PRODUCT = YES;
			};
			name = Release;
		};
		3415C60929CCDA3D0054BF67 /* Debug */ = {
			isa = XCBuildConfiguration;
			buildSettings = {
				ASSETCATALOG_COMPILER_APPICON_NAME = AppIcon;
				ASSETCATALOG_COMPILER_GLOBAL_ACCENT_COLOR_NAME = AccentColor;
				CODE_SIGN_STYLE = Automatic;
				CURRENT_PROJECT_VERSION = 1;
				GENERATE_INFOPLIST_FILE = YES;
				INFOPLIST_FILE = Coordinatesdemo/Info.plist;
				INFOPLIST_KEY_CFBundleDisplayName = CoordinatesDemo;
				INFOPLIST_KEY_UIApplicationSupportsIndirectInputEvents = YES;
				INFOPLIST_KEY_UILaunchStoryboardName = LaunchScreen;
				INFOPLIST_KEY_UIMainStoryboardFile = Main;
				INFOPLIST_KEY_UISupportedInterfaceOrientations_iPad = "UIInterfaceOrientationPortrait UIInterfaceOrientationPortraitUpsideDown UIInterfaceOrientationLandscapeLeft UIInterfaceOrientationLandscapeRight";
				INFOPLIST_KEY_UISupportedInterfaceOrientations_iPhone = "UIInterfaceOrientationPortrait UIInterfaceOrientationLandscapeLeft UIInterfaceOrientationLandscapeRight";
				LD_RUNPATH_SEARCH_PATHS = (
					"$(inherited)",
					"@executable_path/Frameworks",
				);
				MARKETING_VERSION = 1.0;
				PRODUCT_BUNDLE_IDENTIFIER = com.firstapp.Coordinatesdemo;
				PRODUCT_NAME = "$(TARGET_NAME)";
				SWIFT_EMIT_LOC_STRINGS = YES;
				SWIFT_VERSION = 5.0;
				TARGETED_DEVICE_FAMILY = "1,2";
			};
			name = Debug;
		};
		3415C60A29CCDA3D0054BF67 /* Release */ = {
			isa = XCBuildConfiguration;
			buildSettings = {
				ASSETCATALOG_COMPILER_APPICON_NAME = AppIcon;
				ASSETCATALOG_COMPILER_GLOBAL_ACCENT_COLOR_NAME = AccentColor;
				CODE_SIGN_STYLE = Automatic;
				CURRENT_PROJECT_VERSION = 1;
				GENERATE_INFOPLIST_FILE = YES;
				INFOPLIST_FILE = Coordinatesdemo/Info.plist;
				INFOPLIST_KEY_CFBundleDisplayName = CoordinatesDemo;
				INFOPLIST_KEY_UIApplicationSupportsIndirectInputEvents = YES;
				INFOPLIST_KEY_UILaunchStoryboardName = LaunchScreen;
				INFOPLIST_KEY_UIMainStoryboardFile = Main;
				INFOPLIST_KEY_UISupportedInterfaceOrientations_iPad = "UIInterfaceOrientationPortrait UIInterfaceOrientationPortraitUpsideDown UIInterfaceOrientationLandscapeLeft UIInterfaceOrientationLandscapeRight";
				INFOPLIST_KEY_UISupportedInterfaceOrientations_iPhone = "UIInterfaceOrientationPortrait UIInterfaceOrientationLandscapeLeft UIInterfaceOrientationLandscapeRight";
				LD_RUNPATH_SEARCH_PATHS = (
					"$(inherited)",
					"@executable_path/Frameworks",
				);
				MARKETING_VERSION = 1.0;
				PRODUCT_BUNDLE_IDENTIFIER = com.firstapp.Coordinatesdemo;
				PRODUCT_NAME = "$(TARGET_NAME)";
				SWIFT_EMIT_LOC_STRINGS = YES;
				SWIFT_VERSION = 5.0;
				TARGETED_DEVICE_FAMILY = "1,2";
			};
			name = Release;
		};
		3415C60C29CCDA3D0054BF67 /* Debug */ = {
			isa = XCBuildConfiguration;
			buildSettings = {
				ALWAYS_EMBED_SWIFT_STANDARD_LIBRARIES = YES;
				BUNDLE_LOADER = "$(TEST_HOST)";
				CODE_SIGN_STYLE = Automatic;
				CURRENT_PROJECT_VERSION = 1;
				GENERATE_INFOPLIST_FILE = YES;
				IPHONEOS_DEPLOYMENT_TARGET = 15.5;
				MARKETING_VERSION = 1.0;
				PRODUCT_BUNDLE_IDENTIFIER = com.firstapp.CoordinatesdemoTests;
				PRODUCT_NAME = "$(TARGET_NAME)";
				SWIFT_EMIT_LOC_STRINGS = NO;
				SWIFT_VERSION = 5.0;
				TARGETED_DEVICE_FAMILY = "1,2";
				TEST_HOST = "$(BUILT_PRODUCTS_DIR)/Coordinatesdemo.app/Coordinatesdemo";
			};
			name = Debug;
		};
		3415C60D29CCDA3D0054BF67 /* Release */ = {
			isa = XCBuildConfiguration;
			buildSettings = {
				ALWAYS_EMBED_SWIFT_STANDARD_LIBRARIES = YES;
				BUNDLE_LOADER = "$(TEST_HOST)";
				CODE_SIGN_STYLE = Automatic;
				CURRENT_PROJECT_VERSION = 1;
				GENERATE_INFOPLIST_FILE = YES;
				IPHONEOS_DEPLOYMENT_TARGET = 15.5;
				MARKETING_VERSION = 1.0;
				PRODUCT_BUNDLE_IDENTIFIER = com.firstapp.CoordinatesdemoTests;
				PRODUCT_NAME = "$(TARGET_NAME)";
				SWIFT_EMIT_LOC_STRINGS = NO;
				SWIFT_VERSION = 5.0;
				TARGETED_DEVICE_FAMILY = "1,2";
				TEST_HOST = "$(BUILT_PRODUCTS_DIR)/Coordinatesdemo.app/Coordinatesdemo";
			};
			name = Release;
		};
		3415C60F29CCDA3D0054BF67 /* Debug */ = {
			isa = XCBuildConfiguration;
			buildSettings = {
				ALWAYS_EMBED_SWIFT_STANDARD_LIBRARIES = YES;
				CODE_SIGN_STYLE = Automatic;
				CURRENT_PROJECT_VERSION = 1;
				GENERATE_INFOPLIST_FILE = YES;
				MARKETING_VERSION = 1.0;
				PRODUCT_BUNDLE_IDENTIFIER = com.firstapp.CoordinatesdemoUITests;
				PRODUCT_NAME = "$(TARGET_NAME)";
				SWIFT_EMIT_LOC_STRINGS = NO;
				SWIFT_VERSION = 5.0;
				TARGETED_DEVICE_FAMILY = "1,2";
				TEST_TARGET_NAME = Coordinatesdemo;
			};
			name = Debug;
		};
		3415C61029CCDA3D0054BF67 /* Release */ = {
			isa = XCBuildConfiguration;
			buildSettings = {
				ALWAYS_EMBED_SWIFT_STANDARD_LIBRARIES = YES;
				CODE_SIGN_STYLE = Automatic;
				CURRENT_PROJECT_VERSION = 1;
				GENERATE_INFOPLIST_FILE = YES;
				MARKETING_VERSION = 1.0;
				PRODUCT_BUNDLE_IDENTIFIER = com.firstapp.CoordinatesdemoUITests;
				PRODUCT_NAME = "$(TARGET_NAME)";
				SWIFT_EMIT_LOC_STRINGS = NO;
				SWIFT_VERSION = 5.0;
				TARGETED_DEVICE_FAMILY = "1,2";
				TEST_TARGET_NAME = Coordinatesdemo;
			};
			name = Release;
		};
/* End XCBuildConfiguration section */

/* Begin XCConfigurationList section */
		3415C5D929CCDA3B0054BF67 /* Build configuration list for PBXProject "Coordinatesdemo" */ = {
			isa = XCConfigurationList;
			buildConfigurations = (
				3415C60629CCDA3D0054BF67 /* Debug */,
				3415C60729CCDA3D0054BF67 /* Release */,
			);
			defaultConfigurationIsVisible = 0;
			defaultConfigurationName = Release;
		};
		3415C60829CCDA3D0054BF67 /* Build configuration list for PBXNativeTarget "Coordinatesdemo" */ = {
			isa = XCConfigurationList;
			buildConfigurations = (
				3415C60929CCDA3D0054BF67 /* Debug */,
				3415C60A29CCDA3D0054BF67 /* Release */,
			);
			defaultConfigurationIsVisible = 0;
			defaultConfigurationName = Release;
		};
		3415C60B29CCDA3D0054BF67 /* Build configuration list for PBXNativeTarget "CoordinatesdemoTests" */ = {
			isa = XCConfigurationList;
			buildConfigurations = (
				3415C60C29CCDA3D0054BF67 /* Debug */,
				3415C60D29CCDA3D0054BF67 /* Release */,
			);
			defaultConfigurationIsVisible = 0;
			defaultConfigurationName = Release;
		};
		3415C60E29CCDA3D0054BF67 /* Build configuration list for PBXNativeTarget "CoordinatesdemoUITests" */ = {
			isa = XCConfigurationList;
			buildConfigurations = (
				3415C60F29CCDA3D0054BF67 /* Debug */,
				3415C61029CCDA3D0054BF67 /* Release */,
			);
			defaultConfigurationIsVisible = 0;
			defaultConfigurationName = Release;
		};
/* End XCConfigurationList section */
	};
	rootObject = 3415C5D629CCDA3B0054BF67 /* Project object */;
}
