// !$*UTF8*$!
{
	archiveVersion = 1;
	classes = {
	};
	objectVersion = 55;
	objects = {

/* Begin PBXBuildFile section */
		34F571F029AE959100B2C512 /* AppDelegate.swift in Sources */ = {isa = PBXBuildFile; fileRef = 34F571EF29AE959100B2C512 /* AppDelegate.swift */; };
		34F571F229AE959100B2C512 /* SceneDelegate.swift in Sources */ = {isa = PBXBuildFile; fileRef = 34F571F129AE959100B2C512 /* SceneDelegate.swift */; };
		34F571F429AE959100B2C512 /* ViewController.swift in Sources */ = {isa = PBXBuildFile; fileRef = 34F571F329AE959100B2C512 /* ViewController.swift */; };
		34F571F729AE959100B2C512 /* Main.storyboard in Resources */ = {isa = PBXBuildFile; fileRef = 34F571F529AE959100B2C512 /* Main.storyboard */; };
		34F571F929AE959500B2C512 /* Assets.xcassets in Resources */ = {isa = PBXBuildFile; fileRef = 34F571F829AE959500B2C512 /* Assets.xcassets */; };
		34F571FC29AE959500B2C512 /* LaunchScreen.storyboard in Resources */ = {isa = PBXBuildFile; fileRef = 34F571FA29AE959500B2C512 /* LaunchScreen.storyboard */; };
		34F5720729AE959500B2C512 /* Bhogireddy_Exam01Tests.swift in Sources */ = {isa = PBXBuildFile; fileRef = 34F5720629AE959500B2C512 /* Bhogireddy_Exam01Tests.swift */; };
		34F5721129AE959500B2C512 /* Bhogireddy_Exam01UITests.swift in Sources */ = {isa = PBXBuildFile; fileRef = 34F5721029AE959500B2C512 /* Bhogireddy_Exam01UITests.swift */; };
		34F5721329AE959500B2C512 /* Bhogireddy_Exam01UITestsLaunchTests.swift in Sources */ = {isa = PBXBuildFile; fileRef = 34F5721229AE959500B2C512 /* Bhogireddy_Exam01UITestsLaunchTests.swift */; };
/* End PBXBuildFile section */

/* Begin PBXContainerItemProxy section */
		34F5720329AE959500B2C512 /* PBXContainerItemProxy */ = {
			isa = PBXContainerItemProxy;
			containerPortal = 34F571E429AE959100B2C512 /* Project object */;
			proxyType = 1;
			remoteGlobalIDString = 34F571EB29AE959100B2C512;
			remoteInfo = Bhogireddy_Exam01;
		};
		34F5720D29AE959500B2C512 /* PBXContainerItemProxy */ = {
			isa = PBXContainerItemProxy;
			containerPortal = 34F571E429AE959100B2C512 /* Project object */;
			proxyType = 1;
			remoteGlobalIDString = 34F571EB29AE959100B2C512;
			remoteInfo = Bhogireddy_Exam01;
		};
/* End PBXContainerItemProxy section */

/* Begin PBXFileReference section */
		34F571EC29AE959100B2C512 /* Bhogireddy_Exam01.app */ = {isa = PBXFileReference; explicitFileType = wrapper.application; includeInIndex = 0; path = Bhogireddy_Exam01.app; sourceTree = BUILT_PRODUCTS_DIR; };
		34F571EF29AE959100B2C512 /* AppDelegate.swift */ = {isa = PBXFileReference; lastKnownFileType = sourcecode.swift; path = AppDelegate.swift; sourceTree = "<group>"; };
		34F571F129AE959100B2C512 /* SceneDelegate.swift */ = {isa = PBXFileReference; lastKnownFileType = sourcecode.swift; path = SceneDelegate.swift; sourceTree = "<group>"; };
		34F571F329AE959100B2C512 /* ViewController.swift */ = {isa = PBXFileReference; lastKnownFileType = sourcecode.swift; path = ViewController.swift; sourceTree = "<group>"; };
		34F571F629AE959100B2C512 /* Base */ = {isa = PBXFileReference; lastKnownFileType = file.storyboard; name = Base; path = Base.lproj/Main.storyboard; sourceTree = "<group>"; };
		34F571F829AE959500B2C512 /* Assets.xcassets */ = {isa = PBXFileReference; lastKnownFileType = folder.assetcatalog; path = Assets.xcassets; sourceTree = "<group>"; };
		34F571FB29AE959500B2C512 /* Base */ = {isa = PBXFileReference; lastKnownFileType = file.storyboard; name = Base; path = Base.lproj/LaunchScreen.storyboard; sourceTree = "<group>"; };
		34F571FD29AE959500B2C512 /* Info.plist */ = {isa = PBXFileReference; lastKnownFileType = text.plist.xml; path = Info.plist; sourceTree = "<group>"; };
		34F5720229AE959500B2C512 /* Bhogireddy_Exam01Tests.xctest */ = {isa = PBXFileReference; explicitFileType = wrapper.cfbundle; includeInIndex = 0; path = Bhogireddy_Exam01Tests.xctest; sourceTree = BUILT_PRODUCTS_DIR; };
		34F5720629AE959500B2C512 /* Bhogireddy_Exam01Tests.swift */ = {isa = PBXFileReference; lastKnownFileType = sourcecode.swift; path = Bhogireddy_Exam01Tests.swift; sourceTree = "<group>"; };
		34F5720C29AE959500B2C512 /* Bhogireddy_Exam01UITests.xctest */ = {isa = PBXFileReference; explicitFileType = wrapper.cfbundle; includeInIndex = 0; path = Bhogireddy_Exam01UITests.xctest; sourceTree = BUILT_PRODUCTS_DIR; };
		34F5721029AE959500B2C512 /* Bhogireddy_Exam01UITests.swift */ = {isa = PBXFileReference; lastKnownFileType = sourcecode.swift; path = Bhogireddy_Exam01UITests.swift; sourceTree = "<group>"; };
		34F5721229AE959500B2C512 /* Bhogireddy_Exam01UITestsLaunchTests.swift */ = {isa = PBXFileReference; lastKnownFileType = sourcecode.swift; path = Bhogireddy_Exam01UITestsLaunchTests.swift; sourceTree = "<group>"; };
/* End PBXFileReference section */

/* Begin PBXFrameworksBuildPhase section */
		34F571E929AE959100B2C512 /* Frameworks */ = {
			isa = PBXFrameworksBuildPhase;
			buildActionMask = 2147483647;
			files = (
			);
			runOnlyForDeploymentPostprocessing = 0;
		};
		34F571FF29AE959500B2C512 /* Frameworks */ = {
			isa = PBXFrameworksBuildPhase;
			buildActionMask = 2147483647;
			files = (
			);
			runOnlyForDeploymentPostprocessing = 0;
		};
		34F5720929AE959500B2C512 /* Frameworks */ = {
			isa = PBXFrameworksBuildPhase;
			buildActionMask = 2147483647;
			files = (
			);
			runOnlyForDeploymentPostprocessing = 0;
		};
/* End PBXFrameworksBuildPhase section */

/* Begin PBXGroup section */
		34F571E329AE959100B2C512 = {
			isa = PBXGroup;
			children = (
				34F571EE29AE959100B2C512 /* Bhogireddy_Exam01 */,
				34F5720529AE959500B2C512 /* Bhogireddy_Exam01Tests */,
				34F5720F29AE959500B2C512 /* Bhogireddy_Exam01UITests */,
				34F571ED29AE959100B2C512 /* Products */,
			);
			sourceTree = "<group>";
		};
		34F571ED29AE959100B2C512 /* Products */ = {
			isa = PBXGroup;
			children = (
				34F571EC29AE959100B2C512 /* Bhogireddy_Exam01.app */,
				34F5720229AE959500B2C512 /* Bhogireddy_Exam01Tests.xctest */,
				34F5720C29AE959500B2C512 /* Bhogireddy_Exam01UITests.xctest */,
			);
			name = Products;
			sourceTree = "<group>";
		};
		34F571EE29AE959100B2C512 /* Bhogireddy_Exam01 */ = {
			isa = PBXGroup;
			children = (
				34F571EF29AE959100B2C512 /* AppDelegate.swift */,
				34F571F129AE959100B2C512 /* SceneDelegate.swift */,
				34F571F329AE959100B2C512 /* ViewController.swift */,
				34F571F529AE959100B2C512 /* Main.storyboard */,
				34F571F829AE959500B2C512 /* Assets.xcassets */,
				34F571FA29AE959500B2C512 /* LaunchScreen.storyboard */,
				34F571FD29AE959500B2C512 /* Info.plist */,
			);
			path = Bhogireddy_Exam01;
			sourceTree = "<group>";
		};
		34F5720529AE959500B2C512 /* Bhogireddy_Exam01Tests */ = {
			isa = PBXGroup;
			children = (
				34F5720629AE959500B2C512 /* Bhogireddy_Exam01Tests.swift */,
			);
			path = Bhogireddy_Exam01Tests;
			sourceTree = "<group>";
		};
		34F5720F29AE959500B2C512 /* Bhogireddy_Exam01UITests */ = {
			isa = PBXGroup;
			children = (
				34F5721029AE959500B2C512 /* Bhogireddy_Exam01UITests.swift */,
				34F5721229AE959500B2C512 /* Bhogireddy_Exam01UITestsLaunchTests.swift */,
			);
			path = Bhogireddy_Exam01UITests;
			sourceTree = "<group>";
		};
/* End PBXGroup section */

/* Begin PBXNativeTarget section */
		34F571EB29AE959100B2C512 /* Bhogireddy_Exam01 */ = {
			isa = PBXNativeTarget;
			buildConfigurationList = 34F5721629AE959500B2C512 /* Build configuration list for PBXNativeTarget "Bhogireddy_Exam01" */;
			buildPhases = (
				34F571E829AE959100B2C512 /* Sources */,
				34F571E929AE959100B2C512 /* Frameworks */,
				34F571EA29AE959100B2C512 /* Resources */,
			);
			buildRules = (
			);
			dependencies = (
			);
			name = Bhogireddy_Exam01;
			productName = Bhogireddy_Exam01;
			productReference = 34F571EC29AE959100B2C512 /* Bhogireddy_Exam01.app */;
			productType = "com.apple.product-type.application";
		};
		34F5720129AE959500B2C512 /* Bhogireddy_Exam01Tests */ = {
			isa = PBXNativeTarget;
			buildConfigurationList = 34F5721929AE959500B2C512 /* Build configuration list for PBXNativeTarget "Bhogireddy_Exam01Tests" */;
			buildPhases = (
				34F571FE29AE959500B2C512 /* Sources */,
				34F571FF29AE959500B2C512 /* Frameworks */,
				34F5720029AE959500B2C512 /* Resources */,
			);
			buildRules = (
			);
			dependencies = (
				34F5720429AE959500B2C512 /* PBXTargetDependency */,
			);
			name = Bhogireddy_Exam01Tests;
			productName = Bhogireddy_Exam01Tests;
			productReference = 34F5720229AE959500B2C512 /* Bhogireddy_Exam01Tests.xctest */;
			productType = "com.apple.product-type.bundle.unit-test";
		};
		34F5720B29AE959500B2C512 /* Bhogireddy_Exam01UITests */ = {
			isa = PBXNativeTarget;
			buildConfigurationList = 34F5721C29AE959500B2C512 /* Build configuration list for PBXNativeTarget "Bhogireddy_Exam01UITests" */;
			buildPhases = (
				34F5720829AE959500B2C512 /* Sources */,
				34F5720929AE959500B2C512 /* Frameworks */,
				34F5720A29AE959500B2C512 /* Resources */,
			);
			buildRules = (
			);
			dependencies = (
				34F5720E29AE959500B2C512 /* PBXTargetDependency */,
			);
			name = Bhogireddy_Exam01UITests;
			productName = Bhogireddy_Exam01UITests;
			productReference = 34F5720C29AE959500B2C512 /* Bhogireddy_Exam01UITests.xctest */;
			productType = "com.apple.product-type.bundle.ui-testing";
		};
/* End PBXNativeTarget section */

/* Begin PBXProject section */
		34F571E429AE959100B2C512 /* Project object */ = {
			isa = PBXProject;
			attributes = {
				BuildIndependentTargetsInParallel = 1;
				LastSwiftUpdateCheck = 1340;
				LastUpgradeCheck = 1340;
				TargetAttributes = {
					34F571EB29AE959100B2C512 = {
						CreatedOnToolsVersion = 13.4.1;
					};
					34F5720129AE959500B2C512 = {
						CreatedOnToolsVersion = 13.4.1;
						TestTargetID = 34F571EB29AE959100B2C512;
					};
					34F5720B29AE959500B2C512 = {
						CreatedOnToolsVersion = 13.4.1;
						TestTargetID = 34F571EB29AE959100B2C512;
					};
				};
			};
			buildConfigurationList = 34F571E729AE959100B2C512 /* Build configuration list for PBXProject "Bhogireddy_Exam01" */;
			compatibilityVersion = "Xcode 13.0";
			developmentRegion = en;
			hasScannedForEncodings = 0;
			knownRegions = (
				en,
				Base,
			);
			mainGroup = 34F571E329AE959100B2C512;
			productRefGroup = 34F571ED29AE959100B2C512 /* Products */;
			projectDirPath = "";
			projectRoot = "";
			targets = (
				34F571EB29AE959100B2C512 /* Bhogireddy_Exam01 */,
				34F5720129AE959500B2C512 /* Bhogireddy_Exam01Tests */,
				34F5720B29AE959500B2C512 /* Bhogireddy_Exam01UITests */,
			);
		};
/* End PBXProject section */

/* Begin PBXResourcesBuildPhase section */
		34F571EA29AE959100B2C512 /* Resources */ = {
			isa = PBXResourcesBuildPhase;
			buildActionMask = 2147483647;
			files = (
				34F571FC29AE959500B2C512 /* LaunchScreen.storyboard in Resources */,
				34F571F929AE959500B2C512 /* Assets.xcassets in Resources */,
				34F571F729AE959100B2C512 /* Main.storyboard in Resources */,
			);
			runOnlyForDeploymentPostprocessing = 0;
		};
		34F5720029AE959500B2C512 /* Resources */ = {
			isa = PBXResourcesBuildPhase;
			buildActionMask = 2147483647;
			files = (
			);
			runOnlyForDeploymentPostprocessing = 0;
		};
		34F5720A29AE959500B2C512 /* Resources */ = {
			isa = PBXResourcesBuildPhase;
			buildActionMask = 2147483647;
			files = (
			);
			runOnlyForDeploymentPostprocessing = 0;
		};
/* End PBXResourcesBuildPhase section */

/* Begin PBXSourcesBuildPhase section */
		34F571E829AE959100B2C512 /* Sources */ = {
			isa = PBXSourcesBuildPhase;
			buildActionMask = 2147483647;
			files = (
				34F571F429AE959100B2C512 /* ViewController.swift in Sources */,
				34F571F029AE959100B2C512 /* AppDelegate.swift in Sources */,
				34F571F229AE959100B2C512 /* SceneDelegate.swift in Sources */,
			);
			runOnlyForDeploymentPostprocessing = 0;
		};
		34F571FE29AE959500B2C512 /* Sources */ = {
			isa = PBXSourcesBuildPhase;
			buildActionMask = 2147483647;
			files = (
				34F5720729AE959500B2C512 /* Bhogireddy_Exam01Tests.swift in Sources */,
			);
			runOnlyForDeploymentPostprocessing = 0;
		};
		34F5720829AE959500B2C512 /* Sources */ = {
			isa = PBXSourcesBuildPhase;
			buildActionMask = 2147483647;
			files = (
				34F5721129AE959500B2C512 /* Bhogireddy_Exam01UITests.swift in Sources */,
				34F5721329AE959500B2C512 /* Bhogireddy_Exam01UITestsLaunchTests.swift in Sources */,
			);
			runOnlyForDeploymentPostprocessing = 0;
		};
/* End PBXSourcesBuildPhase section */

/* Begin PBXTargetDependency section */
		34F5720429AE959500B2C512 /* PBXTargetDependency */ = {
			isa = PBXTargetDependency;
			target = 34F571EB29AE959100B2C512 /* Bhogireddy_Exam01 */;
			targetProxy = 34F5720329AE959500B2C512 /* PBXContainerItemProxy */;
		};
		34F5720E29AE959500B2C512 /* PBXTargetDependency */ = {
			isa = PBXTargetDependency;
			target = 34F571EB29AE959100B2C512 /* Bhogireddy_Exam01 */;
			targetProxy = 34F5720D29AE959500B2C512 /* PBXContainerItemProxy */;
		};
/* End PBXTargetDependency section */

/* Begin PBXVariantGroup section */
		34F571F529AE959100B2C512 /* Main.storyboard */ = {
			isa = PBXVariantGroup;
			children = (
				34F571F629AE959100B2C512 /* Base */,
			);
			name = Main.storyboard;
			sourceTree = "<group>";
		};
		34F571FA29AE959500B2C512 /* LaunchScreen.storyboard */ = {
			isa = PBXVariantGroup;
			children = (
				34F571FB29AE959500B2C512 /* Base */,
			);
			name = LaunchScreen.storyboard;
			sourceTree = "<group>";
		};
/* End PBXVariantGroup section */

/* Begin XCBuildConfiguration section */
		34F5721429AE959500B2C512 /* Debug */ = {
			isa = XCBuildConfiguration;
			buildSettings = {
				ALWAYS_SEARCH_USER_PATHS = NO;
				CLANG_ANALYZER_NONNULL = YES;
				CLANG_ANALYZER_NUMBER_OBJECT_CONVERSION = YES_AGGRESSIVE;
				CLANG_CXX_LANGUAGE_STANDARD = "gnu++17";
				CLANG_ENABLE_MODULES = YES;
				CLANG_ENABLE_OBJC_ARC = YES;
				CLANG_ENABLE_OBJC_WEAK = YES;
				CLANG_WARN_BLOCK_CAPTURE_AUTORELEASING = YES;
				CLANG_WARN_BOOL_CONVERSION = YES;
				CLANG_WARN_COMMA = YES;
				CLANG_WARN_CONSTANT_CONVERSION = YES;
				CLANG_WARN_DEPRECATED_OBJC_IMPLEMENTATIONS = YES;
				CLANG_WARN_DIRECT_OBJC_ISA_USAGE = YES_ERROR;
				CLANG_WARN_DOCUMENTATION_COMMENTS = YES;
				CLANG_WARN_EMPTY_BODY = YES;
				CLANG_WARN_ENUM_CONVERSION = YES;
				CLANG_WARN_INFINITE_RECURSION = YES;
				CLANG_WARN_INT_CONVERSION = YES;
				CLANG_WARN_NON_LITERAL_NULL_CONVERSION = YES;
				CLANG_WARN_OBJC_IMPLICIT_RETAIN_SELF = YES;
				CLANG_WARN_OBJC_LITERAL_CONVERSION = YES;
				CLANG_WARN_OBJC_ROOT_CLASS = YES_ERROR;
				CLANG_WARN_QUOTED_INCLUDE_IN_FRAMEWORK_HEADER = YES;
				CLANG_WARN_RANGE_LOOP_ANALYSIS = YES;
				CLANG_WARN_STRICT_PROTOTYPES = YES;
				CLANG_WARN_SUSPICIOUS_MOVE = YES;
				CLANG_WARN_UNGUARDED_AVAILABILITY = YES_AGGRESSIVE;
				CLANG_WARN_UNREACHABLE_CODE = YES;
				CLANG_WARN__DUPLICATE_METHOD_MATCH = YES;
				COPY_PHASE_STRIP = NO;
				DEBUG_INFORMATION_FORMAT = dwarf;
				ENABLE_STRICT_OBJC_MSGSEND = YES;
				ENABLE_TESTABILITY = YES;
				GCC_C_LANGUAGE_STANDARD = gnu11;
				GCC_DYNAMIC_NO_PIC = NO;
				GCC_NO_COMMON_BLOCKS = YES;
				GCC_OPTIMIZATION_LEVEL = 0;
				GCC_PREPROCESSOR_DEFINITIONS = (
					"DEBUG=1",
					"$(inherited)",
				);
				GCC_WARN_64_TO_32_BIT_CONVERSION = YES;
				GCC_WARN_ABOUT_RETURN_TYPE = YES_ERROR;
				GCC_WARN_UNDECLARED_SELECTOR = YES;
				GCC_WARN_UNINITIALIZED_AUTOS = YES_AGGRESSIVE;
				GCC_WARN_UNUSED_FUNCTION = YES;
				GCC_WARN_UNUSED_VARIABLE = YES;
				IPHONEOS_DEPLOYMENT_TARGET = 15.5;
				MTL_ENABLE_DEBUG_INFO = INCLUDE_SOURCE;
				MTL_FAST_MATH = YES;
				ONLY_ACTIVE_ARCH = YES;
				SDKROOT = iphoneos;
				SWIFT_ACTIVE_COMPILATION_CONDITIONS = DEBUG;
				SWIFT_OPTIMIZATION_LEVEL = "-Onone";
			};
			name = Debug;
		};
		34F5721529AE959500B2C512 /* Release */ = {
			isa = XCBuildConfiguration;
			buildSettings = {
				ALWAYS_SEARCH_USER_PATHS = NO;
				CLANG_ANALYZER_NONNULL = YES;
				CLANG_ANALYZER_NUMBER_OBJECT_CONVERSION = YES_AGGRESSIVE;
				CLANG_CXX_LANGUAGE_STANDARD = "gnu++17";
				CLANG_ENABLE_MODULES = YES;
				CLANG_ENABLE_OBJC_ARC = YES;
				CLANG_ENABLE_OBJC_WEAK = YES;
				CLANG_WARN_BLOCK_CAPTURE_AUTORELEASING = YES;
				CLANG_WARN_BOOL_CONVERSION = YES;
				CLANG_WARN_COMMA = YES;
				CLANG_WARN_CONSTANT_CONVERSION = YES;
				CLANG_WARN_DEPRECATED_OBJC_IMPLEMENTATIONS = YES;
				CLANG_WARN_DIRECT_OBJC_ISA_USAGE = YES_ERROR;
				CLANG_WARN_DOCUMENTATION_COMMENTS = YES;
				CLANG_WARN_EMPTY_BODY = YES;
				CLANG_WARN_ENUM_CONVERSION = YES;
				CLANG_WARN_INFINITE_RECURSION = YES;
				CLANG_WARN_INT_CONVERSION = YES;
				CLANG_WARN_NON_LITERAL_NULL_CONVERSION = YES;
				CLANG_WARN_OBJC_IMPLICIT_RETAIN_SELF = YES;
				CLANG_WARN_OBJC_LITERAL_CONVERSION = YES;
				CLANG_WARN_OBJC_ROOT_CLASS = YES_ERROR;
				CLANG_WARN_QUOTED_INCLUDE_IN_FRAMEWORK_HEADER = YES;
				CLANG_WARN_RANGE_LOOP_ANALYSIS = YES;
				CLANG_WARN_STRICT_PROTOTYPES = YES;
				CLANG_WARN_SUSPICIOUS_MOVE = YES;
				CLANG_WARN_UNGUARDED_AVAILABILITY = YES_AGGRESSIVE;
				CLANG_WARN_UNREACHABLE_CODE = YES;
				CLANG_WARN__DUPLICATE_METHOD_MATCH = YES;
				COPY_PHASE_STRIP = NO;
				DEBUG_INFORMATION_FORMAT = "dwarf-with-dsym";
				ENABLE_NS_ASSERTIONS = NO;
				ENABLE_STRICT_OBJC_MSGSEND = YES;
				GCC_C_LANGUAGE_STANDARD = gnu11;
				GCC_NO_COMMON_BLOCKS = YES;
				GCC_WARN_64_TO_32_BIT_CONVERSION = YES;
				GCC_WARN_ABOUT_RETURN_TYPE = YES_ERROR;
				GCC_WARN_UNDECLARED_SELECTOR = YES;
				GCC_WARN_UNINITIALIZED_AUTOS = YES_AGGRESSIVE;
				GCC_WARN_UNUSED_FUNCTION = YES;
				GCC_WARN_UNUSED_VARIABLE = YES;
				IPHONEOS_DEPLOYMENT_TARGET = 15.5;
				MTL_ENABLE_DEBUG_INFO = NO;
				MTL_FAST_MATH = YES;
				SDKROOT = iphoneos;
				SWIFT_COMPILATION_MODE = wholemodule;
				SWIFT_OPTIMIZATION_LEVEL = "-O";
				VALIDATE_PRODUCT = YES;
			};
			name = Release;
		};
		34F5721729AE959500B2C512 /* Debug */ = {
			isa = XCBuildConfiguration;
			buildSettings = {
				ASSETCATALOG_COMPILER_APPICON_NAME = AppIcon;
				ASSETCATALOG_COMPILER_GLOBAL_ACCENT_COLOR_NAME = AccentColor;
				CODE_SIGN_STYLE = Automatic;
				CURRENT_PROJECT_VERSION = 1;
				GENERATE_INFOPLIST_FILE = YES;
				INFOPLIST_FILE = Bhogireddy_Exam01/Info.plist;
				INFOPLIST_KEY_UIApplicationSupportsIndirectInputEvents = YES;
				INFOPLIST_KEY_UILaunchStoryboardName = LaunchScreen;
				INFOPLIST_KEY_UIMainStoryboardFile = Main;
				INFOPLIST_KEY_UISupportedInterfaceOrientations_iPad = "UIInterfaceOrientationPortrait UIInterfaceOrientationPortraitUpsideDown UIInterfaceOrientationLandscapeLeft UIInterfaceOrientationLandscapeRight";
				INFOPLIST_KEY_UISupportedInterfaceOrientations_iPhone = "UIInterfaceOrientationPortrait UIInterfaceOrientationLandscapeLeft UIInterfaceOrientationLandscapeRight";
				IPHONEOS_DEPLOYMENT_TARGET = 15.0;
				LD_RUNPATH_SEARCH_PATHS = (
					"$(inherited)",
					"@executable_path/Frameworks",
				);
				MARKETING_VERSION = 1.0;
				PRODUCT_BUNDLE_IDENTIFIER = "com.firstapp.Bhogireddy-Exam01";
				PRODUCT_NAME = "$(TARGET_NAME)";
				SWIFT_EMIT_LOC_STRINGS = YES;
				SWIFT_VERSION = 5.0;
				TARGETED_DEVICE_FAMILY = "1,2";
			};
			name = Debug;
		};
		34F5721829AE959500B2C512 /* Release */ = {
			isa = XCBuildConfiguration;
			buildSettings = {
				ASSETCATALOG_COMPILER_APPICON_NAME = AppIcon;
				ASSETCATALOG_COMPILER_GLOBAL_ACCENT_COLOR_NAME = AccentColor;
				CODE_SIGN_STYLE = Automatic;
				CURRENT_PROJECT_VERSION = 1;
				GENERATE_INFOPLIST_FILE = YES;
				INFOPLIST_FILE = Bhogireddy_Exam01/Info.plist;
				INFOPLIST_KEY_UIApplicationSupportsIndirectInputEvents = YES;
				INFOPLIST_KEY_UILaunchStoryboardName = LaunchScreen;
				INFOPLIST_KEY_UIMainStoryboardFile = Main;
				INFOPLIST_KEY_UISupportedInterfaceOrientations_iPad = "UIInterfaceOrientationPortrait UIInterfaceOrientationPortraitUpsideDown UIInterfaceOrientationLandscapeLeft UIInterfaceOrientationLandscapeRight";
				INFOPLIST_KEY_UISupportedInterfaceOrientations_iPhone = "UIInterfaceOrientationPortrait UIInterfaceOrientationLandscapeLeft UIInterfaceOrientationLandscapeRight";
				IPHONEOS_DEPLOYMENT_TARGET = 15.0;
				LD_RUNPATH_SEARCH_PATHS = (
					"$(inherited)",
					"@executable_path/Frameworks",
				);
				MARKETING_VERSION = 1.0;
				PRODUCT_BUNDLE_IDENTIFIER = "com.firstapp.Bhogireddy-Exam01";
				PRODUCT_NAME = "$(TARGET_NAME)";
				SWIFT_EMIT_LOC_STRINGS = YES;
				SWIFT_VERSION = 5.0;
				TARGETED_DEVICE_FAMILY = "1,2";
			};
			name = Release;
		};
		34F5721A29AE959500B2C512 /* Debug */ = {
			isa = XCBuildConfiguration;
			buildSettings = {
				ALWAYS_EMBED_SWIFT_STANDARD_LIBRARIES = YES;
				BUNDLE_LOADER = "$(TEST_HOST)";
				CODE_SIGN_STYLE = Automatic;
				CURRENT_PROJECT_VERSION = 1;
				GENERATE_INFOPLIST_FILE = YES;
				IPHONEOS_DEPLOYMENT_TARGET = 15.5;
				MARKETING_VERSION = 1.0;
				PRODUCT_BUNDLE_IDENTIFIER = "com.firstapp.Bhogireddy-Exam01Tests";
				PRODUCT_NAME = "$(TARGET_NAME)";
				SWIFT_EMIT_LOC_STRINGS = NO;
				SWIFT_VERSION = 5.0;
				TARGETED_DEVICE_FAMILY = "1,2";
				TEST_HOST = "$(BUILT_PRODUCTS_DIR)/Bhogireddy_Exam01.app/Bhogireddy_Exam01";
			};
			name = Debug;
		};
		34F5721B29AE959500B2C512 /* Release */ = {
			isa = XCBuildConfiguration;
			buildSettings = {
				ALWAYS_EMBED_SWIFT_STANDARD_LIBRARIES = YES;
				BUNDLE_LOADER = "$(TEST_HOST)";
				CODE_SIGN_STYLE = Automatic;
				CURRENT_PROJECT_VERSION = 1;
				GENERATE_INFOPLIST_FILE = YES;
				IPHONEOS_DEPLOYMENT_TARGET = 15.5;
				MARKETING_VERSION = 1.0;
				PRODUCT_BUNDLE_IDENTIFIER = "com.firstapp.Bhogireddy-Exam01Tests";
				PRODUCT_NAME = "$(TARGET_NAME)";
				SWIFT_EMIT_LOC_STRINGS = NO;
				SWIFT_VERSION = 5.0;
				TARGETED_DEVICE_FAMILY = "1,2";
				TEST_HOST = "$(BUILT_PRODUCTS_DIR)/Bhogireddy_Exam01.app/Bhogireddy_Exam01";
			};
			name = Release;
		};
		34F5721D29AE959500B2C512 /* Debug */ = {
			isa = XCBuildConfiguration;
			buildSettings = {
				ALWAYS_EMBED_SWIFT_STANDARD_LIBRARIES = YES;
				CODE_SIGN_STYLE = Automatic;
				CURRENT_PROJECT_VERSION = 1;
				GENERATE_INFOPLIST_FILE = YES;
				MARKETING_VERSION = 1.0;
				PRODUCT_BUNDLE_IDENTIFIER = "com.firstapp.Bhogireddy-Exam01UITests";
				PRODUCT_NAME = "$(TARGET_NAME)";
				SWIFT_EMIT_LOC_STRINGS = NO;
				SWIFT_VERSION = 5.0;
				TARGETED_DEVICE_FAMILY = "1,2";
				TEST_TARGET_NAME = Bhogireddy_Exam01;
			};
			name = Debug;
		};
		34F5721E29AE959500B2C512 /* Release */ = {
			isa = XCBuildConfiguration;
			buildSettings = {
				ALWAYS_EMBED_SWIFT_STANDARD_LIBRARIES = YES;
				CODE_SIGN_STYLE = Automatic;
				CURRENT_PROJECT_VERSION = 1;
				GENERATE_INFOPLIST_FILE = YES;
				MARKETING_VERSION = 1.0;
				PRODUCT_BUNDLE_IDENTIFIER = "com.firstapp.Bhogireddy-Exam01UITests";
				PRODUCT_NAME = "$(TARGET_NAME)";
				SWIFT_EMIT_LOC_STRINGS = NO;
				SWIFT_VERSION = 5.0;
				TARGETED_DEVICE_FAMILY = "1,2";
				TEST_TARGET_NAME = Bhogireddy_Exam01;
			};
			name = Release;
		};
/* End XCBuildConfiguration section */

/* Begin XCConfigurationList section */
		34F571E729AE959100B2C512 /* Build configuration list for PBXProject "Bhogireddy_Exam01" */ = {
			isa = XCConfigurationList;
			buildConfigurations = (
				34F5721429AE959500B2C512 /* Debug */,
				34F5721529AE959500B2C512 /* Release */,
			);
			defaultConfigurationIsVisible = 0;
			defaultConfigurationName = Release;
		};
		34F5721629AE959500B2C512 /* Build configuration list for PBXNativeTarget "Bhogireddy_Exam01" */ = {
			isa = XCConfigurationList;
			buildConfigurations = (
				34F5721729AE959500B2C512 /* Debug */,
				34F5721829AE959500B2C512 /* Release */,
			);
			defaultConfigurationIsVisible = 0;
			defaultConfigurationName = Release;
		};
		34F5721929AE959500B2C512 /* Build configuration list for PBXNativeTarget "Bhogireddy_Exam01Tests" */ = {
			isa = XCConfigurationList;
			buildConfigurations = (
				34F5721A29AE959500B2C512 /* Debug */,
				34F5721B29AE959500B2C512 /* Release */,
			);
			defaultConfigurationIsVisible = 0;
			defaultConfigurationName = Release;
		};
		34F5721C29AE959500B2C512 /* Build configuration list for PBXNativeTarget "Bhogireddy_Exam01UITests" */ = {
			isa = XCConfigurationList;
			buildConfigurations = (
				34F5721D29AE959500B2C512 /* Debug */,
				34F5721E29AE959500B2C512 /* Release */,
			);
			defaultConfigurationIsVisible = 0;
			defaultConfigurationName = Release;
		};
/* End XCConfigurationList section */
	};
	rootObject = 34F571E429AE959100B2C512 /* Project object */;
}
