// !$*UTF8*$!
{
	archiveVersion = 1;
	classes = {
	};
	objectVersion = 55;
	objects = {

/* Begin PBXBuildFile section */
		3411A7B22983141500EFC462 /* AppDelegate.swift in Sources */ = {isa = PBXBuildFile; fileRef = 3411A7B12983141500EFC462 /* AppDelegate.swift */; };
		3411A7B42983141500EFC462 /* SceneDelegate.swift in Sources */ = {isa = PBXBuildFile; fileRef = 3411A7B32983141500EFC462 /* SceneDelegate.swift */; };
		3411A7B62983141500EFC462 /* ViewController.swift in Sources */ = {isa = PBXBuildFile; fileRef = 3411A7B52983141500EFC462 /* ViewController.swift */; };
		3411A7B92983141500EFC462 /* Main.storyboard in Resources */ = {isa = PBXBuildFile; fileRef = 3411A7B72983141500EFC462 /* Main.storyboard */; };
		3411A7BB2983141600EFC462 /* Assets.xcassets in Resources */ = {isa = PBXBuildFile; fileRef = 3411A7BA2983141600EFC462 /* Assets.xcassets */; };
		3411A7BE2983141600EFC462 /* LaunchScreen.storyboard in Resources */ = {isa = PBXBuildFile; fileRef = 3411A7BC2983141600EFC462 /* LaunchScreen.storyboard */; };
		3411A7C92983141700EFC462 /* SamplePractiseApp3Tests.swift in Sources */ = {isa = PBXBuildFile; fileRef = 3411A7C82983141700EFC462 /* SamplePractiseApp3Tests.swift */; };
		3411A7D32983141700EFC462 /* SamplePractiseApp3UITests.swift in Sources */ = {isa = PBXBuildFile; fileRef = 3411A7D22983141700EFC462 /* SamplePractiseApp3UITests.swift */; };
		3411A7D52983141700EFC462 /* SamplePractiseApp3UITestsLaunchTests.swift in Sources */ = {isa = PBXBuildFile; fileRef = 3411A7D42983141700EFC462 /* SamplePractiseApp3UITestsLaunchTests.swift */; };
/* End PBXBuildFile section */

/* Begin PBXContainerItemProxy section */
		3411A7C52983141700EFC462 /* PBXContainerItemProxy */ = {
			isa = PBXContainerItemProxy;
			containerPortal = 3411A7A62983141500EFC462 /* Project object */;
			proxyType = 1;
			remoteGlobalIDString = 3411A7AD2983141500EFC462;
			remoteInfo = SamplePractiseApp3;
		};
		3411A7CF2983141700EFC462 /* PBXContainerItemProxy */ = {
			isa = PBXContainerItemProxy;
			containerPortal = 3411A7A62983141500EFC462 /* Project object */;
			proxyType = 1;
			remoteGlobalIDString = 3411A7AD2983141500EFC462;
			remoteInfo = SamplePractiseApp3;
		};
/* End PBXContainerItemProxy section */

/* Begin PBXFileReference section */
		3411A7AE2983141500EFC462 /* SamplePractiseApp3.app */ = {isa = PBXFileReference; explicitFileType = wrapper.application; includeInIndex = 0; path = SamplePractiseApp3.app; sourceTree = BUILT_PRODUCTS_DIR; };
		3411A7B12983141500EFC462 /* AppDelegate.swift */ = {isa = PBXFileReference; lastKnownFileType = sourcecode.swift; path = AppDelegate.swift; sourceTree = "<group>"; };
		3411A7B32983141500EFC462 /* SceneDelegate.swift */ = {isa = PBXFileReference; lastKnownFileType = sourcecode.swift; path = SceneDelegate.swift; sourceTree = "<group>"; };
		3411A7B52983141500EFC462 /* ViewController.swift */ = {isa = PBXFileReference; lastKnownFileType = sourcecode.swift; path = ViewController.swift; sourceTree = "<group>"; };
		3411A7B82983141500EFC462 /* Base */ = {isa = PBXFileReference; lastKnownFileType = file.storyboard; name = Base; path = Base.lproj/Main.storyboard; sourceTree = "<group>"; };
		3411A7BA2983141600EFC462 /* Assets.xcassets */ = {isa = PBXFileReference; lastKnownFileType = folder.assetcatalog; path = Assets.xcassets; sourceTree = "<group>"; };
		3411A7BD2983141600EFC462 /* Base */ = {isa = PBXFileReference; lastKnownFileType = file.storyboard; name = Base; path = Base.lproj/LaunchScreen.storyboard; sourceTree = "<group>"; };
		3411A7BF2983141600EFC462 /* Info.plist */ = {isa = PBXFileReference; lastKnownFileType = text.plist.xml; path = Info.plist; sourceTree = "<group>"; };
		3411A7C42983141700EFC462 /* SamplePractiseApp3Tests.xctest */ = {isa = PBXFileReference; explicitFileType = wrapper.cfbundle; includeInIndex = 0; path = SamplePractiseApp3Tests.xctest; sourceTree = BUILT_PRODUCTS_DIR; };
		3411A7C82983141700EFC462 /* SamplePractiseApp3Tests.swift */ = {isa = PBXFileReference; lastKnownFileType = sourcecode.swift; path = SamplePractiseApp3Tests.swift; sourceTree = "<group>"; };
		3411A7CE2983141700EFC462 /* SamplePractiseApp3UITests.xctest */ = {isa = PBXFileReference; explicitFileType = wrapper.cfbundle; includeInIndex = 0; path = SamplePractiseApp3UITests.xctest; sourceTree = BUILT_PRODUCTS_DIR; };
		3411A7D22983141700EFC462 /* SamplePractiseApp3UITests.swift */ = {isa = PBXFileReference; lastKnownFileType = sourcecode.swift; path = SamplePractiseApp3UITests.swift; sourceTree = "<group>"; };
		3411A7D42983141700EFC462 /* SamplePractiseApp3UITestsLaunchTests.swift */ = {isa = PBXFileReference; lastKnownFileType = sourcecode.swift; path = SamplePractiseApp3UITestsLaunchTests.swift; sourceTree = "<group>"; };
/* End PBXFileReference section */

/* Begin PBXFrameworksBuildPhase section */
		3411A7AB2983141500EFC462 /* Frameworks */ = {
			isa = PBXFrameworksBuildPhase;
			buildActionMask = 2147483647;
			files = (
			);
			runOnlyForDeploymentPostprocessing = 0;
		};
		3411A7C12983141700EFC462 /* Frameworks */ = {
			isa = PBXFrameworksBuildPhase;
			buildActionMask = 2147483647;
			files = (
			);
			runOnlyForDeploymentPostprocessing = 0;
		};
		3411A7CB2983141700EFC462 /* Frameworks */ = {
			isa = PBXFrameworksBuildPhase;
			buildActionMask = 2147483647;
			files = (
			);
			runOnlyForDeploymentPostprocessing = 0;
		};
/* End PBXFrameworksBuildPhase section */

/* Begin PBXGroup section */
		3411A7A52983141500EFC462 = {
			isa = PBXGroup;
			children = (
				3411A7B02983141500EFC462 /* SamplePractiseApp3 */,
				3411A7C72983141700EFC462 /* SamplePractiseApp3Tests */,
				3411A7D12983141700EFC462 /* SamplePractiseApp3UITests */,
				3411A7AF2983141500EFC462 /* Products */,
			);
			sourceTree = "<group>";
		};
		3411A7AF2983141500EFC462 /* Products */ = {
			isa = PBXGroup;
			children = (
				3411A7AE2983141500EFC462 /* SamplePractiseApp3.app */,
				3411A7C42983141700EFC462 /* SamplePractiseApp3Tests.xctest */,
				3411A7CE2983141700EFC462 /* SamplePractiseApp3UITests.xctest */,
			);
			name = Products;
			sourceTree = "<group>";
		};
		3411A7B02983141500EFC462 /* SamplePractiseApp3 */ = {
			isa = PBXGroup;
			children = (
				3411A7B12983141500EFC462 /* AppDelegate.swift */,
				3411A7B32983141500EFC462 /* SceneDelegate.swift */,
				3411A7B52983141500EFC462 /* ViewController.swift */,
				3411A7B72983141500EFC462 /* Main.storyboard */,
				3411A7BA2983141600EFC462 /* Assets.xcassets */,
				3411A7BC2983141600EFC462 /* LaunchScreen.storyboard */,
				3411A7BF2983141600EFC462 /* Info.plist */,
			);
			path = SamplePractiseApp3;
			sourceTree = "<group>";
		};
		3411A7C72983141700EFC462 /* SamplePractiseApp3Tests */ = {
			isa = PBXGroup;
			children = (
				3411A7C82983141700EFC462 /* SamplePractiseApp3Tests.swift */,
			);
			path = SamplePractiseApp3Tests;
			sourceTree = "<group>";
		};
		3411A7D12983141700EFC462 /* SamplePractiseApp3UITests */ = {
			isa = PBXGroup;
			children = (
				3411A7D22983141700EFC462 /* SamplePractiseApp3UITests.swift */,
				3411A7D42983141700EFC462 /* SamplePractiseApp3UITestsLaunchTests.swift */,
			);
			path = SamplePractiseApp3UITests;
			sourceTree = "<group>";
		};
/* End PBXGroup section */

/* Begin PBXNativeTarget section */
		3411A7AD2983141500EFC462 /* SamplePractiseApp3 */ = {
			isa = PBXNativeTarget;
			buildConfigurationList = 3411A7D82983141700EFC462 /* Build configuration list for PBXNativeTarget "SamplePractiseApp3" */;
			buildPhases = (
				3411A7AA2983141500EFC462 /* Sources */,
				3411A7AB2983141500EFC462 /* Frameworks */,
				3411A7AC2983141500EFC462 /* Resources */,
			);
			buildRules = (
			);
			dependencies = (
			);
			name = SamplePractiseApp3;
			productName = SamplePractiseApp3;
			productReference = 3411A7AE2983141500EFC462 /* SamplePractiseApp3.app */;
			productType = "com.apple.product-type.application";
		};
		3411A7C32983141700EFC462 /* SamplePractiseApp3Tests */ = {
			isa = PBXNativeTarget;
			buildConfigurationList = 3411A7DB2983141700EFC462 /* Build configuration list for PBXNativeTarget "SamplePractiseApp3Tests" */;
			buildPhases = (
				3411A7C02983141700EFC462 /* Sources */,
				3411A7C12983141700EFC462 /* Frameworks */,
				3411A7C22983141700EFC462 /* Resources */,
			);
			buildRules = (
			);
			dependencies = (
				3411A7C62983141700EFC462 /* PBXTargetDependency */,
			);
			name = SamplePractiseApp3Tests;
			productName = SamplePractiseApp3Tests;
			productReference = 3411A7C42983141700EFC462 /* SamplePractiseApp3Tests.xctest */;
			productType = "com.apple.product-type.bundle.unit-test";
		};
		3411A7CD2983141700EFC462 /* SamplePractiseApp3UITests */ = {
			isa = PBXNativeTarget;
			buildConfigurationList = 3411A7DE2983141700EFC462 /* Build configuration list for PBXNativeTarget "SamplePractiseApp3UITests" */;
			buildPhases = (
				3411A7CA2983141700EFC462 /* Sources */,
				3411A7CB2983141700EFC462 /* Frameworks */,
				3411A7CC2983141700EFC462 /* Resources */,
			);
			buildRules = (
			);
			dependencies = (
				3411A7D02983141700EFC462 /* PBXTargetDependency */,
			);
			name = SamplePractiseApp3UITests;
			productName = SamplePractiseApp3UITests;
			productReference = 3411A7CE2983141700EFC462 /* SamplePractiseApp3UITests.xctest */;
			productType = "com.apple.product-type.bundle.ui-testing";
		};
/* End PBXNativeTarget section */

/* Begin PBXProject section */
		3411A7A62983141500EFC462 /* Project object */ = {
			isa = PBXProject;
			attributes = {
				BuildIndependentTargetsInParallel = 1;
				LastSwiftUpdateCheck = 1340;
				LastUpgradeCheck = 1340;
				TargetAttributes = {
					3411A7AD2983141500EFC462 = {
						CreatedOnToolsVersion = 13.4.1;
					};
					3411A7C32983141700EFC462 = {
						CreatedOnToolsVersion = 13.4.1;
						TestTargetID = 3411A7AD2983141500EFC462;
					};
					3411A7CD2983141700EFC462 = {
						CreatedOnToolsVersion = 13.4.1;
						TestTargetID = 3411A7AD2983141500EFC462;
					};
				};
			};
			buildConfigurationList = 3411A7A92983141500EFC462 /* Build configuration list for PBXProject "SamplePractiseApp3" */;
			compatibilityVersion = "Xcode 13.0";
			developmentRegion = en;
			hasScannedForEncodings = 0;
			knownRegions = (
				en,
				Base,
			);
			mainGroup = 3411A7A52983141500EFC462;
			productRefGroup = 3411A7AF2983141500EFC462 /* Products */;
			projectDirPath = "";
			projectRoot = "";
			targets = (
				3411A7AD2983141500EFC462 /* SamplePractiseApp3 */,
				3411A7C32983141700EFC462 /* SamplePractiseApp3Tests */,
				3411A7CD2983141700EFC462 /* SamplePractiseApp3UITests */,
			);
		};
/* End PBXProject section */

/* Begin PBXResourcesBuildPhase section */
		3411A7AC2983141500EFC462 /* Resources */ = {
			isa = PBXResourcesBuildPhase;
			buildActionMask = 2147483647;
			files = (
				3411A7BE2983141600EFC462 /* LaunchScreen.storyboard in Resources */,
				3411A7BB2983141600EFC462 /* Assets.xcassets in Resources */,
				3411A7B92983141500EFC462 /* Main.storyboard in Resources */,
			);
			runOnlyForDeploymentPostprocessing = 0;
		};
		3411A7C22983141700EFC462 /* Resources */ = {
			isa = PBXResourcesBuildPhase;
			buildActionMask = 2147483647;
			files = (
			);
			runOnlyForDeploymentPostprocessing = 0;
		};
		3411A7CC2983141700EFC462 /* Resources */ = {
			isa = PBXResourcesBuildPhase;
			buildActionMask = 2147483647;
			files = (
			);
			runOnlyForDeploymentPostprocessing = 0;
		};
/* End PBXResourcesBuildPhase section */

/* Begin PBXSourcesBuildPhase section */
		3411A7AA2983141500EFC462 /* Sources */ = {
			isa = PBXSourcesBuildPhase;
			buildActionMask = 2147483647;
			files = (
				3411A7B62983141500EFC462 /* ViewController.swift in Sources */,
				3411A7B22983141500EFC462 /* AppDelegate.swift in Sources */,
				3411A7B42983141500EFC462 /* SceneDelegate.swift in Sources */,
			);
			runOnlyForDeploymentPostprocessing = 0;
		};
		3411A7C02983141700EFC462 /* Sources */ = {
			isa = PBXSourcesBuildPhase;
			buildActionMask = 2147483647;
			files = (
				3411A7C92983141700EFC462 /* SamplePractiseApp3Tests.swift in Sources */,
			);
			runOnlyForDeploymentPostprocessing = 0;
		};
		3411A7CA2983141700EFC462 /* Sources */ = {
			isa = PBXSourcesBuildPhase;
			buildActionMask = 2147483647;
			files = (
				3411A7D32983141700EFC462 /* SamplePractiseApp3UITests.swift in Sources */,
				3411A7D52983141700EFC462 /* SamplePractiseApp3UITestsLaunchTests.swift in Sources */,
			);
			runOnlyForDeploymentPostprocessing = 0;
		};
/* End PBXSourcesBuildPhase section */

/* Begin PBXTargetDependency section */
		3411A7C62983141700EFC462 /* PBXTargetDependency */ = {
			isa = PBXTargetDependency;
			target = 3411A7AD2983141500EFC462 /* SamplePractiseApp3 */;
			targetProxy = 3411A7C52983141700EFC462 /* PBXContainerItemProxy */;
		};
		3411A7D02983141700EFC462 /* PBXTargetDependency */ = {
			isa = PBXTargetDependency;
			target = 3411A7AD2983141500EFC462 /* SamplePractiseApp3 */;
			targetProxy = 3411A7CF2983141700EFC462 /* PBXContainerItemProxy */;
		};
/* End PBXTargetDependency section */

/* Begin PBXVariantGroup section */
		3411A7B72983141500EFC462 /* Main.storyboard */ = {
			isa = PBXVariantGroup;
			children = (
				3411A7B82983141500EFC462 /* Base */,
			);
			name = Main.storyboard;
			sourceTree = "<group>";
		};
		3411A7BC2983141600EFC462 /* LaunchScreen.storyboard */ = {
			isa = PBXVariantGroup;
			children = (
				3411A7BD2983141600EFC462 /* Base */,
			);
			name = LaunchScreen.storyboard;
			sourceTree = "<group>";
		};
/* End PBXVariantGroup section */

/* Begin XCBuildConfiguration section */
		3411A7D62983141700EFC462 /* Debug */ = {
			isa = XCBuildConfiguration;
			buildSettings = {
				ALWAYS_SEARCH_USER_PATHS = NO;
				CLANG_ANALYZER_NONNULL = YES;
				CLANG_ANALYZER_NUMBER_OBJECT_CONVERSION = YES_AGGRESSIVE;
				CLANG_CXX_LANGUAGE_STANDARD = "gnu++17";
				CLANG_ENABLE_MODULES = YES;
				CLANG_ENABLE_OBJC_ARC = YES;
				CLANG_ENABLE_OBJC_WEAK = YES;
				CLANG_WARN_BLOCK_CAPTURE_AUTORELEASING = YES;
				CLANG_WARN_BOOL_CONVERSION = YES;
				CLANG_WARN_COMMA = YES;
				CLANG_WARN_CONSTANT_CONVERSION = YES;
				CLANG_WARN_DEPRECATED_OBJC_IMPLEMENTATIONS = YES;
				CLANG_WARN_DIRECT_OBJC_ISA_USAGE = YES_ERROR;
				CLANG_WARN_DOCUMENTATION_COMMENTS = YES;
				CLANG_WARN_EMPTY_BODY = YES;
				CLANG_WARN_ENUM_CONVERSION = YES;
				CLANG_WARN_INFINITE_RECURSION = YES;
				CLANG_WARN_INT_CONVERSION = YES;
				CLANG_WARN_NON_LITERAL_NULL_CONVERSION = YES;
				CLANG_WARN_OBJC_IMPLICIT_RETAIN_SELF = YES;
				CLANG_WARN_OBJC_LITERAL_CONVERSION = YES;
				CLANG_WARN_OBJC_ROOT_CLASS = YES_ERROR;
				CLANG_WARN_QUOTED_INCLUDE_IN_FRAMEWORK_HEADER = YES;
				CLANG_WARN_RANGE_LOOP_ANALYSIS = YES;
				CLANG_WARN_STRICT_PROTOTYPES = YES;
				CLANG_WARN_SUSPICIOUS_MOVE = YES;
				CLANG_WARN_UNGUARDED_AVAILABILITY = YES_AGGRESSIVE;
				CLANG_WARN_UNREACHABLE_CODE = YES;
				CLANG_WARN__DUPLICATE_METHOD_MATCH = YES;
				COPY_PHASE_STRIP = NO;
				DEBUG_INFORMATION_FORMAT = dwarf;
				ENABLE_STRICT_OBJC_MSGSEND = YES;
				ENABLE_TESTABILITY = YES;
				GCC_C_LANGUAGE_STANDARD = gnu11;
				GCC_DYNAMIC_NO_PIC = NO;
				GCC_NO_COMMON_BLOCKS = YES;
				GCC_OPTIMIZATION_LEVEL = 0;
				GCC_PREPROCESSOR_DEFINITIONS = (
					"DEBUG=1",
					"$(inherited)",
				);
				GCC_WARN_64_TO_32_BIT_CONVERSION = YES;
				GCC_WARN_ABOUT_RETURN_TYPE = YES_ERROR;
				GCC_WARN_UNDECLARED_SELECTOR = YES;
				GCC_WARN_UNINITIALIZED_AUTOS = YES_AGGRESSIVE;
				GCC_WARN_UNUSED_FUNCTION = YES;
				GCC_WARN_UNUSED_VARIABLE = YES;
				IPHONEOS_DEPLOYMENT_TARGET = 15.5;
				MTL_ENABLE_DEBUG_INFO = INCLUDE_SOURCE;
				MTL_FAST_MATH = YES;
				ONLY_ACTIVE_ARCH = YES;
				SDKROOT = iphoneos;
				SWIFT_ACTIVE_COMPILATION_CONDITIONS = DEBUG;
				SWIFT_OPTIMIZATION_LEVEL = "-Onone";
			};
			name = Debug;
		};
		3411A7D72983141700EFC462 /* Release */ = {
			isa = XCBuildConfiguration;
			buildSettings = {
				ALWAYS_SEARCH_USER_PATHS = NO;
				CLANG_ANALYZER_NONNULL = YES;
				CLANG_ANALYZER_NUMBER_OBJECT_CONVERSION = YES_AGGRESSIVE;
				CLANG_CXX_LANGUAGE_STANDARD = "gnu++17";
				CLANG_ENABLE_MODULES = YES;
				CLANG_ENABLE_OBJC_ARC = YES;
				CLANG_ENABLE_OBJC_WEAK = YES;
				CLANG_WARN_BLOCK_CAPTURE_AUTORELEASING = YES;
				CLANG_WARN_BOOL_CONVERSION = YES;
				CLANG_WARN_COMMA = YES;
				CLANG_WARN_CONSTANT_CONVERSION = YES;
				CLANG_WARN_DEPRECATED_OBJC_IMPLEMENTATIONS = YES;
				CLANG_WARN_DIRECT_OBJC_ISA_USAGE = YES_ERROR;
				CLANG_WARN_DOCUMENTATION_COMMENTS = YES;
				CLANG_WARN_EMPTY_BODY = YES;
				CLANG_WARN_ENUM_CONVERSION = YES;
				CLANG_WARN_INFINITE_RECURSION = YES;
				CLANG_WARN_INT_CONVERSION = YES;
				CLANG_WARN_NON_LITERAL_NULL_CONVERSION = YES;
				CLANG_WARN_OBJC_IMPLICIT_RETAIN_SELF = YES;
				CLANG_WARN_OBJC_LITERAL_CONVERSION = YES;
				CLANG_WARN_OBJC_ROOT_CLASS = YES_ERROR;
				CLANG_WARN_QUOTED_INCLUDE_IN_FRAMEWORK_HEADER = YES;
				CLANG_WARN_RANGE_LOOP_ANALYSIS = YES;
				CLANG_WARN_STRICT_PROTOTYPES = YES;
				CLANG_WARN_SUSPICIOUS_MOVE = YES;
				CLANG_WARN_UNGUARDED_AVAILABILITY = YES_AGGRESSIVE;
				CLANG_WARN_UNREACHABLE_CODE = YES;
				CLANG_WARN__DUPLICATE_METHOD_MATCH = YES;
				COPY_PHASE_STRIP = NO;
				DEBUG_INFORMATION_FORMAT = "dwarf-with-dsym";
				ENABLE_NS_ASSERTIONS = NO;
				ENABLE_STRICT_OBJC_MSGSEND = YES;
				GCC_C_LANGUAGE_STANDARD = gnu11;
				GCC_NO_COMMON_BLOCKS = YES;
				GCC_WARN_64_TO_32_BIT_CONVERSION = YES;
				GCC_WARN_ABOUT_RETURN_TYPE = YES_ERROR;
				GCC_WARN_UNDECLARED_SELECTOR = YES;
				GCC_WARN_UNINITIALIZED_AUTOS = YES_AGGRESSIVE;
				GCC_WARN_UNUSED_FUNCTION = YES;
				GCC_WARN_UNUSED_VARIABLE = YES;
				IPHONEOS_DEPLOYMENT_TARGET = 15.5;
				MTL_ENABLE_DEBUG_INFO = NO;
				MTL_FAST_MATH = YES;
				SDKROOT = iphoneos;
				SWIFT_COMPILATION_MODE = wholemodule;
				SWIFT_OPTIMIZATION_LEVEL = "-O";
				VALIDATE_PRODUCT = YES;
			};
			name = Release;
		};
		3411A7D92983141700EFC462 /* Debug */ = {
			isa = XCBuildConfiguration;
			buildSettings = {
				ASSETCATALOG_COMPILER_APPICON_NAME = AppIcon;
				ASSETCATALOG_COMPILER_GLOBAL_ACCENT_COLOR_NAME = AccentColor;
				CODE_SIGN_STYLE = Automatic;
				CURRENT_PROJECT_VERSION = 1;
				GENERATE_INFOPLIST_FILE = YES;
				INFOPLIST_FILE = SamplePractiseApp3/Info.plist;
				INFOPLIST_KEY_UIApplicationSupportsIndirectInputEvents = YES;
				INFOPLIST_KEY_UILaunchStoryboardName = LaunchScreen;
				INFOPLIST_KEY_UIMainStoryboardFile = Main;
				INFOPLIST_KEY_UISupportedInterfaceOrientations_iPad = "UIInterfaceOrientationPortrait UIInterfaceOrientationPortraitUpsideDown UIInterfaceOrientationLandscapeLeft UIInterfaceOrientationLandscapeRight";
				INFOPLIST_KEY_UISupportedInterfaceOrientations_iPhone = "UIInterfaceOrientationPortrait UIInterfaceOrientationLandscapeLeft UIInterfaceOrientationLandscapeRight";
				LD_RUNPATH_SEARCH_PATHS = (
					"$(inherited)",
					"@executable_path/Frameworks",
				);
				MARKETING_VERSION = 1.0;
				PRODUCT_BUNDLE_IDENTIFIER = com.firstapp.SamplePractiseApp3;
				PRODUCT_NAME = "$(TARGET_NAME)";
				SWIFT_EMIT_LOC_STRINGS = YES;
				SWIFT_VERSION = 5.0;
				TARGETED_DEVICE_FAMILY = "1,2";
			};
			name = Debug;
		};
		3411A7DA2983141700EFC462 /* Release */ = {
			isa = XCBuildConfiguration;
			buildSettings = {
				ASSETCATALOG_COMPILER_APPICON_NAME = AppIcon;
				ASSETCATALOG_COMPILER_GLOBAL_ACCENT_COLOR_NAME = AccentColor;
				CODE_SIGN_STYLE = Automatic;
				CURRENT_PROJECT_VERSION = 1;
				GENERATE_INFOPLIST_FILE = YES;
				INFOPLIST_FILE = SamplePractiseApp3/Info.plist;
				INFOPLIST_KEY_UIApplicationSupportsIndirectInputEvents = YES;
				INFOPLIST_KEY_UILaunchStoryboardName = LaunchScreen;
				INFOPLIST_KEY_UIMainStoryboardFile = Main;
				INFOPLIST_KEY_UISupportedInterfaceOrientations_iPad = "UIInterfaceOrientationPortrait UIInterfaceOrientationPortraitUpsideDown UIInterfaceOrientationLandscapeLeft UIInterfaceOrientationLandscapeRight";
				INFOPLIST_KEY_UISupportedInterfaceOrientations_iPhone = "UIInterfaceOrientationPortrait UIInterfaceOrientationLandscapeLeft UIInterfaceOrientationLandscapeRight";
				LD_RUNPATH_SEARCH_PATHS = (
					"$(inherited)",
					"@executable_path/Frameworks",
				);
				MARKETING_VERSION = 1.0;
				PRODUCT_BUNDLE_IDENTIFIER = com.firstapp.SamplePractiseApp3;
				PRODUCT_NAME = "$(TARGET_NAME)";
				SWIFT_EMIT_LOC_STRINGS = YES;
				SWIFT_VERSION = 5.0;
				TARGETED_DEVICE_FAMILY = "1,2";
			};
			name = Release;
		};
		3411A7DC2983141700EFC462 /* Debug */ = {
			isa = XCBuildConfiguration;
			buildSettings = {
				ALWAYS_EMBED_SWIFT_STANDARD_LIBRARIES = YES;
				BUNDLE_LOADER = "$(TEST_HOST)";
				CODE_SIGN_STYLE = Automatic;
				CURRENT_PROJECT_VERSION = 1;
				GENERATE_INFOPLIST_FILE = YES;
				IPHONEOS_DEPLOYMENT_TARGET = 15.5;
				MARKETING_VERSION = 1.0;
				PRODUCT_BUNDLE_IDENTIFIER = com.firstapp.SamplePractiseApp3Tests;
				PRODUCT_NAME = "$(TARGET_NAME)";
				SWIFT_EMIT_LOC_STRINGS = NO;
				SWIFT_VERSION = 5.0;
				TARGETED_DEVICE_FAMILY = "1,2";
				TEST_HOST = "$(BUILT_PRODUCTS_DIR)/SamplePractiseApp3.app/SamplePractiseApp3";
			};
			name = Debug;
		};
		3411A7DD2983141700EFC462 /* Release */ = {
			isa = XCBuildConfiguration;
			buildSettings = {
				ALWAYS_EMBED_SWIFT_STANDARD_LIBRARIES = YES;
				BUNDLE_LOADER = "$(TEST_HOST)";
				CODE_SIGN_STYLE = Automatic;
				CURRENT_PROJECT_VERSION = 1;
				GENERATE_INFOPLIST_FILE = YES;
				IPHONEOS_DEPLOYMENT_TARGET = 15.5;
				MARKETING_VERSION = 1.0;
				PRODUCT_BUNDLE_IDENTIFIER = com.firstapp.SamplePractiseApp3Tests;
				PRODUCT_NAME = "$(TARGET_NAME)";
				SWIFT_EMIT_LOC_STRINGS = NO;
				SWIFT_VERSION = 5.0;
				TARGETED_DEVICE_FAMILY = "1,2";
				TEST_HOST = "$(BUILT_PRODUCTS_DIR)/SamplePractiseApp3.app/SamplePractiseApp3";
			};
			name = Release;
		};
		3411A7DF2983141700EFC462 /* Debug */ = {
			isa = XCBuildConfiguration;
			buildSettings = {
				ALWAYS_EMBED_SWIFT_STANDARD_LIBRARIES = YES;
				CODE_SIGN_STYLE = Automatic;
				CURRENT_PROJECT_VERSION = 1;
				GENERATE_INFOPLIST_FILE = YES;
				MARKETING_VERSION = 1.0;
				PRODUCT_BUNDLE_IDENTIFIER = com.firstapp.SamplePractiseApp3UITests;
				PRODUCT_NAME = "$(TARGET_NAME)";
				SWIFT_EMIT_LOC_STRINGS = NO;
				SWIFT_VERSION = 5.0;
				TARGETED_DEVICE_FAMILY = "1,2";
				TEST_TARGET_NAME = SamplePractiseApp3;
			};
			name = Debug;
		};
		3411A7E02983141700EFC462 /* Release */ = {
			isa = XCBuildConfiguration;
			buildSettings = {
				ALWAYS_EMBED_SWIFT_STANDARD_LIBRARIES = YES;
				CODE_SIGN_STYLE = Automatic;
				CURRENT_PROJECT_VERSION = 1;
				GENERATE_INFOPLIST_FILE = YES;
				MARKETING_VERSION = 1.0;
				PRODUCT_BUNDLE_IDENTIFIER = com.firstapp.SamplePractiseApp3UITests;
				PRODUCT_NAME = "$(TARGET_NAME)";
				SWIFT_EMIT_LOC_STRINGS = NO;
				SWIFT_VERSION = 5.0;
				TARGETED_DEVICE_FAMILY = "1,2";
				TEST_TARGET_NAME = SamplePractiseApp3;
			};
			name = Release;
		};
/* End XCBuildConfiguration section */

/* Begin XCConfigurationList section */
		3411A7A92983141500EFC462 /* Build configuration list for PBXProject "SamplePractiseApp3" */ = {
			isa = XCConfigurationList;
			buildConfigurations = (
				3411A7D62983141700EFC462 /* Debug */,
				3411A7D72983141700EFC462 /* Release */,
			);
			defaultConfigurationIsVisible = 0;
			defaultConfigurationName = Release;
		};
		3411A7D82983141700EFC462 /* Build configuration list for PBXNativeTarget "SamplePractiseApp3" */ = {
			isa = XCConfigurationList;
			buildConfigurations = (
				3411A7D92983141700EFC462 /* Debug */,
				3411A7DA2983141700EFC462 /* Release */,
			);
			defaultConfigurationIsVisible = 0;
			defaultConfigurationName = Release;
		};
		3411A7DB2983141700EFC462 /* Build configuration list for PBXNativeTarget "SamplePractiseApp3Tests" */ = {
			isa = XCConfigurationList;
			buildConfigurations = (
				3411A7DC2983141700EFC462 /* Debug */,
				3411A7DD2983141700EFC462 /* Release */,
			);
			defaultConfigurationIsVisible = 0;
			defaultConfigurationName = Release;
		};
		3411A7DE2983141700EFC462 /* Build configuration list for PBXNativeTarget "SamplePractiseApp3UITests" */ = {
			isa = XCConfigurationList;
			buildConfigurations = (
				3411A7DF2983141700EFC462 /* Debug */,
				3411A7E02983141700EFC462 /* Release */,
			);
			defaultConfigurationIsVisible = 0;
			defaultConfigurationName = Release;
		};
/* End XCConfigurationList section */
	};
	rootObject = 3411A7A62983141500EFC462 /* Project object */;
}
